PODS:
  - connectivity_plus (0.0.1):
    - Flutter
  - Flutter (1.0.0)
  - webview_flutter_wkwebview (0.0.1):
    - Flutter
    - FlutterMacOS

DEPENDENCIES:
  - connectivity_plus (from `/Users/apple/.pub-cache/hosted/pub.dev/connectivity_plus-7.0.0/ios`)
  - Flutter (from `/Users/apple/powerless_over_cars/ios/Flutter/Release`)
  - webview_flutter_wkwebview (from `/Users/apple/.pub-cache/hosted/pub.dev/webview_flutter_wkwebview-3.23.1/darwin`)

EXTERNAL SOURCES:
  connectivity_plus:
    :path: "/Users/apple/.pub-cache/hosted/pub.dev/connectivity_plus-7.0.0/ios"
  Flutter:
    :path: "/Users/apple/powerless_over_cars/ios/Flutter/Release"
  webview_flutter_wkwebview:
    :path: "/Users/apple/.pub-cache/hosted/pub.dev/webview_flutter_wkwebview-3.23.1/darwin"

SPEC CHECKSUMS:
  connectivity_plus: 2a701ffec2c0ae28a48cf7540e279787e77c447d
  Flutter: 428a20447d23f822d858f80a890bca3d57b2d8b1
  webview_flutter_wkwebview: 29eb20d43355b48fe7d07113835b9128f84e3af4

PODFILE CHECKSUM: cd0701926c866ac2ed559463dfc69446ac0f1106

COCOAPODS: 1.16.2
